
Microsoft Visual Studio Solution File, Format Version 12.00
Project("{FAE04EC0-301F-11D3-BF4B-00C04F79EFBC}") = "LeetCode", "LeetCode\LeetCode.csproj", "{BBFD8F41-F45F-485D-9B5D-C651D33A3FC5}"
EndProject
Project("{FAE04EC0-301F-11D3-BF4B-00C04F79EFBC}") = "CodeWars", "CodeWars\CodeWars.csproj", "{04A4BC44-1E4F-44AA-8A61-64C3EF7138FC}"
EndProject
Project("{FAE04EC0-301F-11D3-BF4B-00C04F79EFBC}") = "Edabit", "Edabit\Edabit.csproj", "{FF6274DE-92E4-49EF-B7EE-72598CEE4390}"
EndProject
Global
	GlobalSection(SolutionConfigurationPlatforms) = preSolution
		Debug|Any CPU = Debug|Any CPU
		Release|Any CPU = Release|Any CPU
	EndGlobalSection
	GlobalSection(ProjectConfigurationPlatforms) = postSolution
		{BBFD8F41-F45F-485D-9B5D-C651D33A3FC5}.Debug|Any CPU.ActiveCfg = Debug|Any CPU
		{BBFD8F41-F45F-485D-9B5D-C651D33A3FC5}.Debug|Any CPU.Build.0 = Debug|Any CPU
		{BBFD8F41-F45F-485D-9B5D-C651D33A3FC5}.Release|Any CPU.ActiveCfg = Release|Any CPU
		{BBFD8F41-F45F-485D-9B5D-C651D33A3FC5}.Release|Any CPU.Build.0 = Release|Any CPU
		{04A4BC44-1E4F-44AA-8A61-64C3EF7138FC}.Debug|Any CPU.ActiveCfg = Debug|Any CPU
		{04A4BC44-1E4F-44AA-8A61-64C3EF7138FC}.Debug|Any CPU.Build.0 = Debug|Any CPU
		{04A4BC44-1E4F-44AA-8A61-64C3EF7138FC}.Release|Any CPU.ActiveCfg = Release|Any CPU
		{04A4BC44-1E4F-44AA-8A61-64C3EF7138FC}.Release|Any CPU.Build.0 = Release|Any CPU
		{FF6274DE-92E4-49EF-B7EE-72598CEE4390}.Debug|Any CPU.ActiveCfg = Debug|Any CPU
		{FF6274DE-92E4-49EF-B7EE-72598CEE4390}.Debug|Any CPU.Build.0 = Debug|Any CPU
		{FF6274DE-92E4-49EF-B7EE-72598CEE4390}.Release|Any CPU.ActiveCfg = Release|Any CPU
		{FF6274DE-92E4-49EF-B7EE-72598CEE4390}.Release|Any CPU.Build.0 = Release|Any CPU
	EndGlobalSection
EndGlobal
